
Microsoft Visual Studio Solution File, Format Version 12.00
# Visual Studio Version 16
VisualStudioVersion = 16.0.31613.86
MinimumVisualStudioVersion = 10.0.40219.1
Project("{9A19103F-16F7-4668-BE54-9A1E7A4F7556}") = "UrlShortenerTests", "UrlShortenerTests\UrlShortenerTests.csproj", "{7CC1A5F5-D4C5-4024-85C8-DE48D91FDAFB}"
EndProject
Project("{9A19103F-16F7-4668-BE54-9A1E7A4F7556}") = "UrlShortenerApi", "UrlShortenerApi\UrlShortenerApi.csproj", "{A5A3E98C-015D-4E1F-91B3-365BC9D496AA}"
EndProject
Global
	GlobalSection(SolutionConfigurationPlatforms) = preSolution
		Debug|Any CPU = Debug|Any CPU
		Release|Any CPU = Release|Any CPU
	EndGlobalSection
	GlobalSection(ProjectConfigurationPlatforms) = postSolution
		{7CC1A5F5-D4C5-4024-85C8-DE48D91FDAFB}.Debug|Any CPU.ActiveCfg = Debug|Any CPU
		{7CC1A5F5-D4C5-4024-85C8-DE48D91FDAFB}.Debug|Any CPU.Build.0 = Debug|Any CPU
		{7CC1A5F5-D4C5-4024-85C8-DE48D91FDAFB}.Release|Any CPU.ActiveCfg = Release|Any CPU
		{7CC1A5F5-D4C5-4024-85C8-DE48D91FDAFB}.Release|Any CPU.Build.0 = Release|Any CPU
		{A5A3E98C-015D-4E1F-91B3-365BC9D496AA}.Debug|Any CPU.ActiveCfg = Debug|Any CPU
		{A5A3E98C-015D-4E1F-91B3-365BC9D496AA}.Debug|Any CPU.Build.0 = Debug|Any CPU
		{A5A3E98C-015D-4E1F-91B3-365BC9D496AA}.Release|Any CPU.ActiveCfg = Release|Any CPU
		{A5A3E98C-015D-4E1F-91B3-365BC9D496AA}.Release|Any CPU.Build.0 = Release|Any CPU
	EndGlobalSection
	GlobalSection(SolutionProperties) = preSolution
		HideSolutionNode = FALSE
	EndGlobalSection
	GlobalSection(ExtensibilityGlobals) = postSolution
		SolutionGuid = {AD7B5067-9DD9-4608-AFD9-ECA07DE7522D}
	EndGlobalSection
EndGlobal
